lockfileVersion: '9.0'

settings:
  autoInstallPeers: false
  excludeLinksFromLockfile: false

importers:

  .:
    devDependencies:
      '@types/node':
        specifier: 22.18.0
        version: 22.18.0
      '@types/ws':
        specifier: 8.18.1
        version: 8.18.1
      esbuild:
        specifier: 0.25.9
        version: 0.25.9
      tsx:
        specifier: 4.20.5
        version: 4.20.5
      typescript:
        specifier: 5.9.2
        version: 5.9.2
      ws:
        specifier: 8.18.3
        version: 8.18.3

  packages/cli:
    dependencies:
      '@agent-stardew/protocol':
        specifier: workspace:*
        version: link:../protocol
      ws:
        specifier: 8.18.3
        version: 8.18.3

  packages/dsh-plugin:
    dependencies:
      '@agent-stardew/protocol':
        specifier: workspace:*
        version: link:../protocol
      agent-stardew:
        specifier: workspace:*
        version: link:../cli
    devDependencies:
      '@deepseek-ai/cordis':
        specifier: 4.0.2
        version: 4.0.2
      '@deepseek-ai/dsh-client-ui-chat':
        specifier: 0.1.5-rc.1
        version: 0.1.5-rc.1(@deepseek-ai/cordis@4.0.2)
      '@deepseek-ai/dsh-client-ui-conversation':
        specifier: 0.1.5-rc.1
        version: 0.1.5-rc.1(@deepseek-ai/cordis@4.0.2)
      '@deepseek-ai/dsh-client-ui-primitives':
        specifier: 0.1.5-rc.1
        version: 0.1.5-rc.1(@deepseek-ai/cordis@4.0.2)
      '@deepseek-ai/dsh-client-ui-renderer':
        specifier: 0.1.5-rc.1
        version: 0.1.5-rc.1(@deepseek-ai/cordis@4.0.2)
      '@deepseek-ai/dsh-client-ui-sidebar-right':
        specifier: 0.1.5-rc.1
        version: 0.1.5-rc.1(@deepseek-ai/cordis@4.0.2)
      '@deepseek-ai/dsh-client-ui-slots':
        specifier: 0.1.5-rc.1
        version: 0.1.5-rc.1(@deepseek-ai/cordis@4.0.2)
      '@deepseek-ai/dsh-client-ui-tool':
        specifier: 0.1.5-rc.1
        version: 0.1.5-rc.1(@deepseek-ai/cordis@4.0.2)
      '@deepseek-ai/dsh-credentials':
        specifier: 0.1.5-rc.1
        version: 0.1.5-rc.1(@deepseek-ai/cordis@4.0.2)
      '@deepseek-ai/dsh-http-proxy':
        specifier: 0.1.5-rc.1
        version: 0.1.5-rc.1(@deepseek-ai/cordis@4.0.2)
      '@deepseek-ai/dsh-llm':
        specifier: 0.1.5-rc.1
        version: 0.1.5-rc.1(@deepseek-ai/cordis@4.0.2)
      '@deepseek-ai/dsh-scope':
        specifier: 0.1.5-rc.1
        version: 0.1.5-rc.1(@deepseek-ai/cordis@4.0.2)
      '@deepseek-ai/dsh-skill':
        specifier: 0.1.5-rc.1
        version: 0.1.5-rc.1(@deepseek-ai/cordis@4.0.2)(@deepseek-ai/dsh-llm@0.1.5-rc.1(@deepseek-ai/cordis@4.0.2))(@deepseek-ai/dsh-scope@0.1.5-rc.1(@deepseek-ai/cordis@4.0.2))
      '@deepseek-ai/dsh-subprocess':
        specifier: 0.1.5-rc.1
        version: 0.1.5-rc.1(@deepseek-ai/cordis@4.0.2)(@deepseek-ai/dsh-http-proxy@0.1.5-rc.1(@deepseek-ai/cordis@4.0.2))
      '@deepseek-ai/dsh-subprocess-local':
        specifier: 0.1.5-rc.1
        version: 0.1.5-rc.1(@deepseek-ai/cordis@4.0.2)(@deepseek-ai/dsh-subprocess@0.1.5-rc.1(@deepseek-ai/cordis@4.0.2)(@deepseek-ai/dsh-http-proxy@0.1.5-rc.1(@deepseek-ai/cordis@4.0.2)))(@deepseek-ai/dsh-timeout@0.1.5-rc.2(@deepseek-ai/cordis@4.0.2))
      '@deepseek-ai/dsh-system-prompt':
        specifier: 0.1.5-rc.1
        version: 0.1.5-rc.1(@deepseek-ai/cordis@4.0.2)(@deepseek-ai/dsh-llm@0.1.5-rc.1(@deepseek-ai/cordis@4.0.2))(@deepseek-ai/dsh-scope@0.1.5-rc.1(@deepseek-ai/cordis@4.0.2))
      '@deepseek-ai/dsh-tools':
        specifier: 0.1.5-rc.1
        version: 0.1.5-rc.1(@deepseek-ai/cordis@4.0.2)(@deepseek-ai/dsh-llm@0.1.5-rc.1(@deepseek-ai/cordis@4.0.2))(@deepseek-ai/dsh-scope@0.1.5-rc.1(@deepseek-ai/cordis@4.0.2))(@deepseek-ai/dsh-system-prompt@0.1.5-rc.1(@deepseek-ai/cordis@4.0.2)(@deepseek-ai/dsh-llm@0.1.5-rc.1(@deepseek-ai/cordis@4.0.2))(@deepseek-ai/dsh-scope@0.1.5-rc.1(@deepseek-ai/cordis@4.0.2)))
      '@deepseek-ai/schemastery':
        specifier: 3.18.2
        version: 3.18.2
      '@types/react':
        specifier: 18.3.1
        version: 18.3.1
      react:
        specifier: 18.3.1
        version: 18.3.1

  packages/protocol:
    dependencies:
      zod:
        specifier: 4.1.5
        version: 4.1.5

packages:

  '@deepseek-ai/cordis@4.0.2':
    resolution: {integrity: sha512-asOnXP1TzFSFQlHb1iegDZp0z/8WD1c7YNrwJR/Tx2bzNuMXfcekE/I67Iv6SQXeLB4csxqCngzQKANP7gdw0g==}
    hasBin: true
    peerDependencies:
      '@deepseek-ai/cordis-plugin-include': ^1.0.7
      '@deepseek-ai/cordis-plugin-loader': ^1.0.3
    peerDependenciesMeta:
      '@deepseek-ai/cordis-plugin-include':
        optional: true
      '@deepseek-ai/cordis-plugin-loader':
        optional: true

  '@deepseek-ai/cosmokit@1.8.3':
    resolution: {integrity: sha512-qBo+ronVM6Eu2WNVJXi8JcMiqZ19T9BRIpV+5qJUFPXjGH/Z0QKcQMC/IZJ7L394YTOtJgcovbk9qP0w2GsBXQ==}

  '@deepseek-ai/dsh-brand@0.1.5-rc.2':
    resolution: {integrity: sha512-/+3TzQRYT4M8NINZ9OrsL5VWNyQSXof8mFLx3txiosWA7Bt0H6UcxUdKGXVwj6gCXhsQ74mzEHm2ucsflG0mYA==}
    peerDependencies:
      '@deepseek-ai/cordis': ^4.0.2

  '@deepseek-ai/dsh-client-ui-chat@0.1.5-rc.1':
    resolution: {integrity: sha512-mi0KY13+w9uqXIrp8ZObHC0mGNOhSn2rx4sSobetYN+u4GW1xFvONBsPJYTCqvgnAWFEjAUtqHXmH/Tvmhe0wg==}
    peerDependencies:
      '@deepseek-ai/cordis': ^4.0.2

  '@deepseek-ai/dsh-client-ui-conversation@0.1.5-rc.1':
    resolution: {integrity: sha512-/A+lvO6mc+uTJWJerFyhZeBV+Ez9Sid8+wx7NbIrrg/mdt191IdHqHI9v2sGiIQ/1d+nI3S0YjhOxMH4hGka5A==}
    peerDependencies:
      '@deepseek-ai/cordis': ^4.0.2

  '@deepseek-ai/dsh-client-ui-primitives@0.1.5-rc.1':
    resolution: {integrity: sha512-C6mJOcwg41gD5Yy57QGjZhX/8p8U1kSR4px7tOfLmLIKKXyeHbDytJEKjPKHfh8TkOvpqQ4wA02gQsVe06ithQ==}
    peerDependencies:
      '@deepseek-ai/cordis': ^4.0.2

  '@deepseek-ai/dsh-client-ui-renderer@0.1.5-rc.1':
    resolution: {integrity: sha512-v3NlhGgcYDUtskwjylVuKJ+FMiuJgYdWg/bIjth+obj7cF2SBJR4A0/9XfCKQvh2xbF/puRLZ7DG3KRl8+BKBQ==}
    peerDependencies:
      '@deepseek-ai/cordis': ^4.0.2

  '@deepseek-ai/dsh-client-ui-sidebar-right@0.1.5-rc.1':
    resolution: {integrity: sha512-JFKsoWRdfX4r++DL2CbuDAgZ6Di1L3siSjcl5z6ilieFfcsN9eUHyOcZN+2WKOQtmpw374ZwrN5Z/i+coO/mCA==}
    peerDependencies:
      '@deepseek-ai/cordis': ^4.0.2

  '@deepseek-ai/dsh-client-ui-slots@0.1.5-rc.1':
    resolution: {integrity: sha512-xBCdGmV1RdCwWFHCW5m6Y3FVAIHNRR6ppFNeZN4iRpn/osCvnYCF7L+MyjeWExyjC71Xl/Rh06Kj8/1gtbb/wg==}
    peerDependencies:
      '@deepseek-ai/cordis': ^4.0.2

  '@deepseek-ai/dsh-client-ui-tool@0.1.5-rc.1':
    resolution: {integrity: sha512-3TOV/T2r7sCxHXaXh+HHvRxh5oMv8ONg9yHTWVsCBKiMO2ZMWBmb4Eqns7+C0c6mNH9FXRR4vSzaUci+v57XDQ==}
    peerDependencies:
      '@deepseek-ai/cordis': ^4.0.2

  '@deepseek-ai/dsh-credentials@0.1.5-rc.1':
    resolution: {integrity: sha512-+pcIimUNe2OQWZVwJFTbKEMUQA/6JAx+EMPodzgJgZzDPwsnYE8OClS2aXY9PW8T6DdaKAX+MVWptTsoVVEmBA==}
    peerDependencies:
      '@deepseek-ai/cordis': ^4.0.2
      '@deepseek-ai/dsh-invariants': ^0.1.5-rc.1

  '@deepseek-ai/dsh-http-proxy@0.1.5-rc.1':
    resolution: {integrity: sha512-uzqFRi5d6k5ZiV4Q7CxkPUKGZrURN7VBdKAS0LNuBCUApI//vA72blWC+vn2Lz0BKKb8GDrBTuD2ZwCdXIObYg==}
    peerDependencies:
      '@deepseek-ai/cordis': ^4.0.2

  '@deepseek-ai/dsh-llm@0.1.5-rc.1':
    resolution: {integrity: sha512-KPKJFTNLjURphuF4NlS8DRK94CUYL/dKB8Hzg/22jtxAFO2paX3ifL0vhdPq9xPbcyplaF7LYlf0+3+pXFTnTg==}
    peerDependencies:
      '@deepseek-ai/cordis': ^4.0.2

  '@deepseek-ai/dsh-scope@0.1.5-rc.1':
    resolution: {integrity: sha512-HU6AGzCCWSQUS9KoDBAPkyQqgUVp+iI9P5Zn0qzLJv3IOdt6cYvxgjt/rORryuQUR9AUj7CGFO3OYw833H7HWA==}
    peerDependencies:
      '@deepseek-ai/cordis': ^4.0.2
      '@deepseek-ai/dsh-invariants': ^0.1.5-rc.1

  '@deepseek-ai/dsh-skill@0.1.5-rc.1':
    resolution: {integrity: sha512-SmlIL6lak8nf+Ioiad0N/iImx/S8NO23ile95rsnfJLOPCxSTjNunyjtSkE6ioyAS8UQaIb4gkVo+LvLYKI0NA==}
    peerDependencies:
      '@deepseek-ai/cordis': ^4.0.2
      '@deepseek-ai/dsh-llm': ^0.1.5-rc.1
      '@deepseek-ai/dsh-scope': ^0.1.5-rc.1

  '@deepseek-ai/dsh-subprocess-local@0.1.5-rc.1':
    resolution: {integrity: sha512-TKcqaIf1fJzjraXhwmSAQAqkPMvIjS0Y7b9fC4n7+G8eQpb3gaF/eJXn6Tx4OgFSDV5R/NLUqHaU/ogxTjdWhQ==}
    peerDependencies:
      '@deepseek-ai/cordis': ^4.0.2
      '@deepseek-ai/dsh-subprocess': ^0.1.5-rc.1
      '@deepseek-ai/dsh-timeout': ^0.1.5-rc.1

  '@deepseek-ai/dsh-subprocess@0.1.5-rc.1':
    resolution: {integrity: sha512-kAUwSkEn2NqDiX9J8f1CltDhaxBQau8KD1yBQ2cWJ91KdQV6cwi6F7sA6xKD7Ak46Au/YAwwNX+d7cYaKyr0iQ==}
    peerDependencies:
      '@deepseek-ai/cordis': ^4.0.2
      '@deepseek-ai/dsh-http-proxy': ^0.1.5-rc.1

  '@deepseek-ai/dsh-system-prompt@0.1.5-rc.1':
    resolution: {integrity: sha512-RAdO9biQoga1vAVTQY9J7THexiOE1FOd1Nli021MQt+Zf73c83BSd2DwXb0WDilLaMeSxZPaIRRqoXpJlpmLIA==}
    peerDependencies:
      '@deepseek-ai/cordis': ^4.0.2
      '@deepseek-ai/dsh-invariants': ^0.1.5-rc.1
      '@deepseek-ai/dsh-llm': ^0.1.5-rc.1
      '@deepseek-ai/dsh-scope': ^0.1.5-rc.1

  '@deepseek-ai/dsh-timeout@0.1.5-rc.2':
    resolution: {integrity: sha512-FgfaAw8Zt5X4Y6Ljh833B8Hy7h96FeR+yjNKI3iSyZSqREqOBgvDGXFfQlSu6V3Buvw/cbI/CJUQJvfRBKXOiA==}
    peerDependencies:
      '@deepseek-ai/cordis': ^4.0.2

  '@deepseek-ai/dsh-tools@0.1.5-rc.1':
    resolution: {integrity: sha512-I5AUxKTqUrC0nvRO4UcpU+f65P+nKs5BUrS2nqZehhFZ2rVxhUAJ7YdORcY6pVkBTB15nPr5gK0WPgwyfS217w==}
    peerDependencies:
      '@deepseek-ai/cordis': ^4.0.2
      '@deepseek-ai/dsh-agent': ^0.1.5-rc.1
      '@deepseek-ai/dsh-code-runtime': ^0.1.5-rc.1
      '@deepseek-ai/dsh-invariants': ^0.1.5-rc.1
      '@deepseek-ai/dsh-llm': ^0.1.5-rc.1
      '@deepseek-ai/dsh-scope': ^0.1.5-rc.1
      '@deepseek-ai/dsh-session': ^0.1.5-rc.1
      '@deepseek-ai/dsh-system-prompt': ^0.1.5-rc.1
      '@deepseek-ai/dsh-user-approval': ^0.1.5-rc.1

  '@deepseek-ai/dsh-typert-protocol@0.1.5-rc.2':
    resolution: {integrity: sha512-zP8J20rBXa1AFjKL2i83JBeQcePZx8yal3pNojj4t7CCokMcoFMUbr50woa6fY1tRJ7qHxgypO3rH8Q6YWgmiA==}
    peerDependencies:
      '@deepseek-ai/cordis': ^4.0.2

  '@deepseek-ai/dsh-util-crypto@0.1.5-rc.2':
    resolution: {integrity: sha512-JR0aJEUL35RE8FVT89wMZMbPwMrbkjNcy+gE9pq70d/m2Zxw3a0iNer+BAxPAKYPbmy0xDDXReTwXiecKVy4sQ==}
    peerDependencies:
      '@deepseek-ai/cordis': ^4.0.2

  '@deepseek-ai/dsh-util-values@0.1.5-rc.2':
    resolution: {integrity: sha512-Cr0TkM6dFAD+Iy4sNXH/afJVMHwJXoOztivj+RflkYoACsOq+Ix0vdHn36hwW7mayU8OK3ZKIZUQ6BPo1fHvUg==}
    peerDependencies:
      '@deepseek-ai/cordis': ^4.0.2

  '@deepseek-ai/dsh-win32-process@0.1.5-rc.2':
    resolution: {integrity: sha512-KWF9pldnznDE1XiD7vjxg+P2cDQHOCJtz8ZQ/P0bLorDog/peQwqxYNgc/nrHxEZ1vWl/vbdd8Nvoen6FJ/Orw==}
    peerDependencies:
      '@deepseek-ai/cordis': ^4.0.2

  '@deepseek-ai/schemastery@3.18.2':
    resolution: {integrity: sha512-njDtZsznjYxok7KLLlHOPyuv2efdWVbSflAHgztSfbMsg+CVraEoRe2DjOCgClYv3ZCSm7WXoaUkbB/+RY7tWQ==}

  '@esbuild/aix-ppc64@0.25.9':
    resolution: {integrity: sha512-OaGtL73Jck6pBKjNIe24BnFE6agGl+6KxDtTfHhy1HmhthfKouEcOhqpSL64K4/0WCtbKFLOdzD/44cJ4k9opA==}
    engines: {node: '>=18'}
    cpu: [ppc64]
    os: [aix]

  '@esbuild/android-arm64@0.25.9':
    resolution: {integrity: sha512-IDrddSmpSv51ftWslJMvl3Q2ZT98fUSL2/rlUXuVqRXHCs5EUF1/f+jbjF5+NG9UffUDMCiTyh8iec7u8RlTLg==}
    engines: {node: '>=18'}
    cpu: [arm64]
    os: [android]

  '@esbuild/android-arm@0.25.9':
    resolution: {integrity: sha512-5WNI1DaMtxQ7t7B6xa572XMXpHAaI/9Hnhk8lcxF4zVN4xstUgTlvuGDorBguKEnZO70qwEcLpfifMLoxiPqHQ==}
    engines: {node: '>=18'}
    cpu: [arm]
    os: [android]

  '@esbuild/android-x64@0.25.9':
    resolution: {integrity: sha512-I853iMZ1hWZdNllhVZKm34f4wErd4lMyeV7BLzEExGEIZYsOzqDWDf+y082izYUE8gtJnYHdeDpN/6tUdwvfiw==}
    engines: {node: '>=18'}
    cpu: [x64]
    os: [android]

  '@esbuild/darwin-arm64@0.25.9':
    resolution: {integrity: sha512-XIpIDMAjOELi/9PB30vEbVMs3GV1v2zkkPnuyRRURbhqjyzIINwj+nbQATh4H9GxUgH1kFsEyQMxwiLFKUS6Rg==}
    engines: {node: '>=18'}
    cpu: [arm64]
    os: [darwin]

  '@esbuild/darwin-x64@0.25.9':
    resolution: {integrity: sha512-jhHfBzjYTA1IQu8VyrjCX4ApJDnH+ez+IYVEoJHeqJm9VhG9Dh2BYaJritkYK3vMaXrf7Ogr/0MQ8/MeIefsPQ==}
    engines: {node: '>=18'}
    cpu: [x64]
    os: [darwin]

  '@esbuild/freebsd-arm64@0.25.9':
    resolution: {integrity: sha512-z93DmbnY6fX9+KdD4Ue/H6sYs+bhFQJNCPZsi4XWJoYblUqT06MQUdBCpcSfuiN72AbqeBFu5LVQTjfXDE2A6Q==}
    engines: {node: '>=18'}
    cpu: [arm64]
    os: [freebsd]

  '@esbuild/freebsd-x64@0.25.9':
    resolution: {integrity: sha512-mrKX6H/vOyo5v71YfXWJxLVxgy1kyt1MQaD8wZJgJfG4gq4DpQGpgTB74e5yBeQdyMTbgxp0YtNj7NuHN0PoZg==}
    engines: {node: '>=18'}
    cpu: [x64]
    os: [freebsd]

  '@esbuild/linux-arm64@0.25.9':
    resolution: {integrity: sha512-BlB7bIcLT3G26urh5Dmse7fiLmLXnRlopw4s8DalgZ8ef79Jj4aUcYbk90g8iCa2467HX8SAIidbL7gsqXHdRw==}
    engines: {node: '>=18'}
    cpu: [arm64]
    os: [linux]

  '@esbuild/linux-arm@0.25.9':
    resolution: {integrity: sha512-HBU2Xv78SMgaydBmdor38lg8YDnFKSARg1Q6AT0/y2ezUAKiZvc211RDFHlEZRFNRVhcMamiToo7bDx3VEOYQw==}
    engines: {node: '>=18'}
    cpu: [arm]
    os: [linux]

  '@esbuild/linux-ia32@0.25.9':
    resolution: {integrity: sha512-e7S3MOJPZGp2QW6AK6+Ly81rC7oOSerQ+P8L0ta4FhVi+/j/v2yZzx5CqqDaWjtPFfYz21Vi1S0auHrap3Ma3A==}
    engines: {node: '>=18'}
    cpu: [ia32]
    os: [linux]

  '@esbuild/linux-loong64@0.25.9':
    resolution: {integrity: sha512-Sbe10Bnn0oUAB2AalYztvGcK+o6YFFA/9829PhOCUS9vkJElXGdphz0A3DbMdP8gmKkqPmPcMJmJOrI3VYB1JQ==}
    engines: {node: '>=18'}
    cpu: [loong64]
    os: [linux]

  '@esbuild/linux-mips64el@0.25.9':
    resolution: {integrity: sha512-YcM5br0mVyZw2jcQeLIkhWtKPeVfAerES5PvOzaDxVtIyZ2NUBZKNLjC5z3/fUlDgT6w89VsxP2qzNipOaaDyA==}
    engines: {node: '>=18'}
    cpu: [mips64el]
    os: [linux]

  '@esbuild/linux-ppc64@0.25.9':
    resolution: {integrity: sha512-++0HQvasdo20JytyDpFvQtNrEsAgNG2CY1CLMwGXfFTKGBGQT3bOeLSYE2l1fYdvML5KUuwn9Z8L1EWe2tzs1w==}
    engines: {node: '>=18'}
    cpu: [ppc64]
    os: [linux]

  '@esbuild/linux-riscv64@0.25.9':
    resolution: {integrity: sha512-uNIBa279Y3fkjV+2cUjx36xkx7eSjb8IvnL01eXUKXez/CBHNRw5ekCGMPM0BcmqBxBcdgUWuUXmVWwm4CH9kg==}
    engines: {node: '>=18'}
    cpu: [riscv64]
    os: [linux]

  '@esbuild/linux-s390x@0.25.9':
    resolution: {integrity: sha512-Mfiphvp3MjC/lctb+7D287Xw1DGzqJPb/J2aHHcHxflUo+8tmN/6d4k6I2yFR7BVo5/g7x2Monq4+Yew0EHRIA==}
    engines: {node: '>=18'}
    cpu: [s390x]
    os: [linux]

  '@esbuild/linux-x64@0.25.9':
    resolution: {integrity: sha512-iSwByxzRe48YVkmpbgoxVzn76BXjlYFXC7NvLYq+b+kDjyyk30J0JY47DIn8z1MO3K0oSl9fZoRmZPQI4Hklzg==}
    engines: {node: '>=18'}
    cpu: [x64]
    os: [linux]

  '@esbuild/netbsd-arm64@0.25.9':
    resolution: {integrity: sha512-9jNJl6FqaUG+COdQMjSCGW4QiMHH88xWbvZ+kRVblZsWrkXlABuGdFJ1E9L7HK+T0Yqd4akKNa/lO0+jDxQD4Q==}
    engines: {node: '>=18'}
    cpu: [arm64]
    os: [netbsd]

  '@esbuild/netbsd-x64@0.25.9':
    resolution: {integrity: sha512-RLLdkflmqRG8KanPGOU7Rpg829ZHu8nFy5Pqdi9U01VYtG9Y0zOG6Vr2z4/S+/3zIyOxiK6cCeYNWOFR9QP87g==}
    engines: {node: '>=18'}
    cpu: [x64]
    os: [netbsd]

  '@esbuild/openbsd-arm64@0.25.9':
    resolution: {integrity: sha512-YaFBlPGeDasft5IIM+CQAhJAqS3St3nJzDEgsgFixcfZeyGPCd6eJBWzke5piZuZ7CtL656eOSYKk4Ls2C0FRQ==}
    engines: {node: '>=18'}
    cpu: [arm64]
    os: [openbsd]

  '@esbuild/openbsd-x64@0.25.9':
    resolution: {integrity: sha512-1MkgTCuvMGWuqVtAvkpkXFmtL8XhWy+j4jaSO2wxfJtilVCi0ZE37b8uOdMItIHz4I6z1bWWtEX4CJwcKYLcuA==}
    engines: {node: '>=18'}
    cpu: [x64]
    os: [openbsd]

  '@esbuild/openharmony-arm64@0.25.9':
    resolution: {integrity: sha512-4Xd0xNiMVXKh6Fa7HEJQbrpP3m3DDn43jKxMjxLLRjWnRsfxjORYJlXPO4JNcXtOyfajXorRKY9NkOpTHptErg==}
    engines: {node: '>=18'}
    cpu: [arm64]
    os: [openharmony]

  '@esbuild/sunos-x64@0.25.9':
    resolution: {integrity: sha512-WjH4s6hzo00nNezhp3wFIAfmGZ8U7KtrJNlFMRKxiI9mxEK1scOMAaa9i4crUtu+tBr+0IN6JCuAcSBJZfnphw==}
    engines: {node: '>=18'}
    cpu: [x64]
    os: [sunos]

  '@esbuild/win32-arm64@0.25.9':
    resolution: {integrity: sha512-mGFrVJHmZiRqmP8xFOc6b84/7xa5y5YvR1x8djzXpJBSv/UsNK6aqec+6JDjConTgvvQefdGhFDAs2DLAds6gQ==}
    engines: {node: '>=18'}
    cpu: [arm64]
    os: [win32]

  '@esbuild/win32-ia32@0.25.9':
    resolution: {integrity: sha512-b33gLVU2k11nVx1OhX3C8QQP6UHQK4ZtN56oFWvVXvz2VkDoe6fbG8TOgHFxEvqeqohmRnIHe5A1+HADk4OQww==}
    engines: {node: '>=18'}
    cpu: [ia32]
    os: [win32]

  '@esbuild/win32-x64@0.25.9':
    resolution: {integrity: sha512-PPOl1mi6lpLNQxnGoyAfschAodRFYXJ+9fs6WHXz7CSWKbOqiMZsubC+BQsVKuul+3vKLuwTHsS2c2y9EoKwxQ==}
    engines: {node: '>=18'}
    cpu: [x64]
    os: [win32]

  '@koromix/koffi-android-arm64@3.3.0':
    resolution: {integrity: sha512-lHXE2mq+uG6CVeX1iepn2ATcAWMZPagr+J0ICYge7wTMDYc5pPRQMq0Rr/16775i6QlUqQqpk8c5Gu66+u3gGA==}
    cpu: [arm64]
    os: [android]

  '@koromix/koffi-android-x64@3.3.0':
    resolution: {integrity: sha512-7EeVK/KS9XNbOsUfy0B3uuSjPQZenjJ35y9QSi6R6eK4Fv0oGvREQaBzIJRJwonxp7sJfGObnwnQTnKTVK2DWA==}
    cpu: [x64]
    os: [android]

  '@koromix/koffi-darwin-arm64@3.3.0':
    resolution: {integrity: sha512-2R9bihYmYFyRP98wRG2m5WQVKMONf7DoPJI8RkGCOUB2afOXJEVXFepiSKxBZGPml8i1USwAxMUwkzbJ5uMG1A==}
    cpu: [arm64]
    os: [darwin]

  '@koromix/koffi-darwin-x64@3.3.0':
    resolution: {integrity: sha512-OecYCQfzhUx+XyAtatIHlk0jIz87wKNjtYvwlwgMwgaGQwO/TxFeReNo+s3167Rh1a9c8rUIOjq1jfzAPBxbKA==}
    cpu: [x64]
    os: [darwin]

  '@koromix/koffi-freebsd-arm64@3.3.0':
    resolution: {integrity: sha512-6ytHzV1DuyxTP5LtFmQ3imBk71j/F/Nb0Hcwhjcn35esnknm5rQbgRl6tNRldrkGnM4GIAJpsagooUBh1xAzYg==}
    cpu: [arm64]
    os: [freebsd]

  '@koromix/koffi-freebsd-ia32@3.3.0':
    resolution: {integrity: sha512-hINo5z1Iz2u3Rx3oHfzcmi5A03gYAoYf4nCJJYaY0bb5IuGdIC7noQTyyI9YxfyTJgoqw3wKFWWYtvsAmEo9Hw==}
    cpu: [ia32]
    os: [freebsd]

  '@koromix/koffi-freebsd-x64@3.3.0':
    resolution: {integrity: sha512-7XQYAZh828nW6+y3IdyUNdo2VbVHL5ZC8Qb+yqHrlDjTjVXSyGYZJHAyJZ5c7eSTTKBhtIMTX238rIsdexxrog==}
    cpu: [x64]
    os: [freebsd]

  '@koromix/koffi-linux-arm64@3.3.0':
    resolution: {integrity: sha512-Eo/+wGeawGICzJkUlkzi/KerAJ6U1L/Hf7cnJKH7aGgCOY5RRnjUqXs/eL+UDpRcFHzGeUn+Fq+8q2VxYxvAfw==}
    cpu: [arm64]
    os: [linux]

  '@koromix/koffi-linux-arm@3.3.0':
    resolution: {integrity: sha512-NbahRKKKFkHoFN/ZpLY+w4F6eYSqV4KMN40PmjZ1xQjG/XjYb6PIYgE41c7/acAPxOYqujrcaI3B4BAgWYm5/A==}
    cpu: [arm]
    os: [linux]

  '@koromix/koffi-linux-ia32@3.3.0':
    resolution: {integrity: sha512-u9tKuj42RFWJU8ZgZqcBhkFCkIZE/SE6oR1ljpukttJUhOVuaf/lmsWxyOxiVu3U8T1gtD658FlLgrbMVIn6aQ==}
    cpu: [ia32]
    os: [linux]

  '@koromix/koffi-linux-loong64@3.3.0':
    resolution: {integrity: sha512-2hKlNZ6OXkTUp6fcueZcP0sQ6yhpdfANg9/mWxDKzT1o8qIj4qJD7UcZLCcRIC8JXiP8JQwZBtlPuyXIqofDQg==}
    cpu: [loong64]
    os: [linux]

  '@koromix/koffi-linux-riscv64@3.3.0':
    resolution: {integrity: sha512-2niYAe+TBXbvf7yog/aiHiDUrKQn+RkMSH5x3ZYo65OQyII1CY3Jk2kP3Pe735gq0LzIYJsDuGMW+02ighSadQ==}
    cpu: [riscv64]
    os: [linux]

  '@koromix/koffi-linux-x64@3.3.0':
    resolution: {integrity: sha512-apU8ZMOrOh1eqMP/Pp0sDZ/WY6A4r6JWph26h63VM9nZ+5KCTYuPgojfoLPNvrfI/bn1PY3+bpXKRhZHI3gxbQ==}
    cpu: [x64]
    os: [linux]

  '@koromix/koffi-openbsd-ia32@3.3.0':
    resolution: {integrity: sha512-xCvMV+4VNHjTxgVPEsBzU0k8dlA7aoFO5QjRF9lVU/NzGhUedlYvFgaF6IWsGOoWEaNt9hgP4KK/wxMbm9v8EQ==}
    cpu: [ia32]
    os: [openbsd]

  '@koromix/koffi-openbsd-x64@3.3.0':
    resolution: {integrity: sha512-xItIwx1elM8k1pTudEfuV/1U2gQ06+rFfxCVXrZkyWYYGTzmA5To00f8garJFR+E9gbjQJbn8QDFvWMI+i2sMA==}
    cpu: [x64]
    os: [openbsd]

  '@koromix/koffi-win32-arm64@3.3.0':
    resolution: {integrity: sha512-fD41LgKBx5i1YlJDuds4tRHAaG5vV55tvagzJwKFDR/5BDeaFvH9QFMUMDoNl2LkmVyeug0dIElHr/oxejh3IA==}
    cpu: [arm64]
    os: [win32]

  '@koromix/koffi-win32-ia32@3.3.0':
    resolution: {integrity: sha512-BfDbDVEuQwPZOvWXawc3JT/7i9cN7QHYotgo014jjXb9pNv46Ykhb0RRglkcHg+SdytW/7pxYn18YwcQP6LLvQ==}
    cpu: [ia32]
    os: [win32]

  '@koromix/koffi-win32-x64@3.3.0':
    resolution: {integrity: sha512-D+ORp73rTmvGVfq01+4uBmgVZqrPqU9N9xCZCfexaCDlVk0WQsaqid1dGsi6eScJuHt4Cp8s1i5/4CsecxFTKQ==}
    cpu: [x64]
    os: [win32]

  '@standard-schema/spec@1.1.0':
    resolution: {integrity: sha512-l2aFy5jALhniG5HgqrD6jXLi/rUWrKvqN/qJx6yoJsgKhblVd+iqqU4RCXavm/jPityDo5TCvKMnpjKnOriy0w==}

  '@types/node@22.18.0':
    resolution: {integrity: sha512-m5ObIqwsUp6BZzyiy4RdZpzWGub9bqLJMvZDD0QMXhxjqMHMENlj+SqF5QxoUwaQNFe+8kz8XM8ZQhqkQPTgMQ==}

  '@types/prop-types@15.7.15':
    resolution: {integrity: sha512-F6bEyamV9jKGAFBEmlQnesRPGOQqS2+Uwi0Em15xenOxHaf2hv6L8YCVn3rPdPJOiJfPiCnLIRyvwVaqMY3MIw==}

  '@types/react@18.3.1':
    resolution: {integrity: sha512-V0kuGBX3+prX+DQ/7r2qsv1NsdfnCLnTgnRJ1pYnxykBhGMz+qj+box5lq7XsO5mtZsBqpjwwTu/7wszPfMBcw==}

  '@types/ws@8.18.1':
    resolution: {integrity: sha512-ThVF6DCVhA8kUGy+aazFQ4kXQ7E1Ty7A3ypFOe0IcJV8O/M511G99AW24irKrW56Wt44yG9+ij8FaqoBGkuBXg==}

  csstype@3.2.3:
    resolution: {integrity: sha512-z1HGKcYy2xA8AGQfwrn0PAy+PB7X/GSj3UVJW9qKyn43xWa+gl5nXmU4qqLMRzWVLFC8KusUX8T/0kCiOYpAIQ==}

  esbuild@0.25.9:
    resolution: {integrity: sha512-CRbODhYyQx3qp7ZEwzxOk4JBqmD/seJrzPa/cGjY1VtIn5E09Oi9/dB4JwctnfZ8Q8iT7rioVv5k/FNT/uf54g==}
    engines: {node: '>=18'}
    hasBin: true

  fsevents@2.3.3:
    resolution: {integrity: sha512-5xoDfX+fL7faATnagmWPpbFtwh/R77WmMMqqHGS65C3vvB0YHrgF+B1YmZ3441tMj5n63k0212XNoJwzlhffQw==}
    engines: {node: ^8.16.0 || ^10.6.0 || >=11.0.0}
    os: [darwin]

  get-tsconfig@4.14.3:
    resolution: {integrity: sha512-++QEw4DIY7WGoukz+/+A/8dGYPT9l9yIadnmSgZ8Rjr3YVSVDipQSO9CdnJo9ePqFqUUqh+wk9uIaoiAwsiPkA==}

  js-tokens@4.0.0:
    resolution: {integrity: sha512-RdJUflcE3cUzKiMqQgsCu06FPu9UdIJO0beYbPhHN4k6apgJtifcoCtT9bcxOpYBtpD2kCM6Sbzg4CausW/PKQ==}

  koffi@3.3.0:
    resolution: {integrity: sha512-UeyQtptuPeCP0BqKD+Q8ftTQhIUBHO7bXyK9DVIaW9hJSg0BrICm4K5N8Qtn7zKk20sb5vpnES9KBqVksM2kpQ==}

  loose-envify@1.4.0:
    resolution: {integrity: sha512-lyuxPGr/Wfhrlem2CL/UcnUc1zcqKAImBDzukY7Y5F/yQiNdko6+fRLevlw1HgMySw7f611UIY408EtxRSoK3Q==}
    hasBin: true

  node-addon-api@7.1.1:
    resolution: {integrity: sha512-5m3bsyrjFWE1xf7nz7YXdN4udnVtXK6/Yfgn5qnahL6bCkf2yKt4k3nuTKAtT4r3IG8JNR2ncsIMdZuAzJjHQQ==}

  node-pty@1.2.0-beta.15:
    resolution: {integrity: sha512-vORSzHXi4Ofl7HemVWpuudLqCPdaQb4LfpRCUpE5HPxhp4JYscl8zZwxh11p26v2wvW24WMwnMfLjhRLixrfxA==}

  react@18.3.1:
    resolution: {integrity: sha512-wS+hAgJShR0KhEvPJArfuPVN1+Hz1t0Y6n5jLrGQbkb4urgPE/0Rve+1kMB1v/oWgHgm4WIcV+i7F2pTVj+2iQ==}
    engines: {node: '>=0.10.0'}

  resolve-pkg-maps@1.0.0:
    resolution: {integrity: sha512-seS2Tj26TBVOC2NIc2rOe2y2ZO7efxITtLZcGSOnHHNOQ7CkiUBfw0Iw2ck6xkIhPwLhKNLS8BO+hEpngQlqzw==}

  tsx@4.20.5:
    resolution: {integrity: sha512-+wKjMNU9w/EaQayHXb7WA7ZaHY6hN8WgfvHNQ3t1PnU91/7O8TcTnIhCDYTZwnt8JsO9IBqZ30Ln1r7pPF52Aw==}
    engines: {node: '>=18.0.0'}
    hasBin: true

  typescript@5.9.2:
    resolution: {integrity: sha512-CWBzXQrc/qOkhidw1OzBTQuYRbfyxDXJMVJ1XNwUHGROVmuaeiEm3OslpZ1RV96d7SKKjZKrSJu3+t/xlw3R9A==}
    engines: {node: '>=14.17'}
    hasBin: true

  undici-types@6.21.0:
    resolution: {integrity: sha512-iwDZqg0QAGrg9Rav5H4n0M64c3mkR59cJ6wQp+7C4nI0gsmExaedaYLNO44eT4AtBBwjbTiGPMlt2Md0T9H9JQ==}

  undici@8.10.2:
    resolution: {integrity: sha512-/y4/bH9YNU5hi9NIrpOuvGXFcxrj3CMrV+/AYpowAYTpHn8gX/XPFjNy766FPoYY0miQhdW977JFWKGNhBdwyQ==}
    engines: {node: '>=22.19.0'}

  ws@8.18.3:
    resolution: {integrity: sha512-PEIGCY5tSlUt50cqyMXfCzX+oOPqN0vuGqWzbcJ2xvnkzkq46oOpz7dQaTDBdfICb4N14+GARUDw2XV2N4tvzg==}
    engines: {node: '>=10.0.0'}
    peerDependencies:
      bufferutil: ^4.0.1
      utf-8-validate: '>=5.0.2'
    peerDependenciesMeta:
      bufferutil:
        optional: true
      utf-8-validate:
        optional: true

  zod@4.1.5:
    resolution: {integrity: sha512-rcUUZqlLJgBC33IT3PNMgsCq6TzLQEG/Ei/KTCU0PedSWRMAXoOUN+4t/0H+Q8bdnLPdqUYnvboJT0bn/229qg==}

  zod@4.6.5:
    resolution: {integrity: sha512-v5l/aFXZQeai4awLbOpSoHecE9UiMrnfx75tEXLjNonXVARxQ5mOeipTjROUchszUNCqnE+hqAMujRsRHsut2Q==}

snapshots:

  '@deepseek-ai/cordis@4.0.2':
    dependencies:
      '@deepseek-ai/cosmokit': 1.8.3
      '@standard-schema/spec': 1.1.0

  '@deepseek-ai/cosmokit@1.8.3': {}

  '@deepseek-ai/dsh-brand@0.1.5-rc.2(@deepseek-ai/cordis@4.0.2)':
    dependencies:
      '@deepseek-ai/cordis': 4.0.2

  '@deepseek-ai/dsh-client-ui-chat@0.1.5-rc.1(@deepseek-ai/cordis@4.0.2)':
    dependencies:
      '@deepseek-ai/cordis': 4.0.2
      '@deepseek-ai/schemastery': 3.18.2

  '@deepseek-ai/dsh-client-ui-conversation@0.1.5-rc.1(@deepseek-ai/cordis@4.0.2)':
    dependencies:
      '@deepseek-ai/cordis': 4.0.2
      '@deepseek-ai/schemastery': 3.18.2

  '@deepseek-ai/dsh-client-ui-primitives@0.1.5-rc.1(@deepseek-ai/cordis@4.0.2)':
    dependencies:
      '@deepseek-ai/cordis': 4.0.2

  '@deepseek-ai/dsh-client-ui-renderer@0.1.5-rc.1(@deepseek-ai/cordis@4.0.2)':
    dependencies:
      '@deepseek-ai/cordis': 4.0.2

  '@deepseek-ai/dsh-client-ui-sidebar-right@0.1.5-rc.1(@deepseek-ai/cordis@4.0.2)':
    dependencies:
      '@deepseek-ai/cordis': 4.0.2

  '@deepseek-ai/dsh-client-ui-slots@0.1.5-rc.1(@deepseek-ai/cordis@4.0.2)':
    dependencies:
      '@deepseek-ai/cordis': 4.0.2

  '@deepseek-ai/dsh-client-ui-tool@0.1.5-rc.1(@deepseek-ai/cordis@4.0.2)':
    dependencies:
      '@deepseek-ai/cordis': 4.0.2

  '@deepseek-ai/dsh-credentials@0.1.5-rc.1(@deepseek-ai/cordis@4.0.2)':
    dependencies:
      '@deepseek-ai/cordis': 4.0.2
      '@deepseek-ai/dsh-brand': 0.1.5-rc.2(@deepseek-ai/cordis@4.0.2)

  '@deepseek-ai/dsh-http-proxy@0.1.5-rc.1(@deepseek-ai/cordis@4.0.2)':
    dependencies:
      '@deepseek-ai/cordis': 4.0.2
      undici: 8.10.2

  '@deepseek-ai/dsh-llm@0.1.5-rc.1(@deepseek-ai/cordis@4.0.2)':
    dependencies:
      '@deepseek-ai/cordis': 4.0.2
      '@deepseek-ai/dsh-brand': 0.1.5-rc.2(@deepseek-ai/cordis@4.0.2)
      '@deepseek-ai/dsh-timeout': 0.1.5-rc.2(@deepseek-ai/cordis@4.0.2)
      '@deepseek-ai/dsh-typert-protocol': 0.1.5-rc.2(@deepseek-ai/cordis@4.0.2)
      '@deepseek-ai/dsh-util-crypto': 0.1.5-rc.2(@deepseek-ai/cordis@4.0.2)
      '@deepseek-ai/dsh-util-values': 0.1.5-rc.2(@deepseek-ai/cordis@4.0.2)
      '@deepseek-ai/schemastery': 3.18.2
      zod: 4.6.5

  '@deepseek-ai/dsh-scope@0.1.5-rc.1(@deepseek-ai/cordis@4.0.2)':
    dependencies:
      '@deepseek-ai/cordis': 4.0.2

  '@deepseek-ai/dsh-skill@0.1.5-rc.1(@deepseek-ai/cordis@4.0.2)(@deepseek-ai/dsh-llm@0.1.5-rc.1(@deepseek-ai/cordis@4.0.2))(@deepseek-ai/dsh-scope@0.1.5-rc.1(@deepseek-ai/cordis@4.0.2))':
    dependencies:
      '@deepseek-ai/cordis': 4.0.2
      '@deepseek-ai/dsh-llm': 0.1.5-rc.1(@deepseek-ai/cordis@4.0.2)
      '@deepseek-ai/dsh-scope': 0.1.5-rc.1(@deepseek-ai/cordis@4.0.2)
      '@deepseek-ai/dsh-util-values': 0.1.5-rc.2(@deepseek-ai/cordis@4.0.2)
      '@deepseek-ai/schemastery': 3.18.2

  '@deepseek-ai/dsh-subprocess-local@0.1.5-rc.1(@deepseek-ai/cordis@4.0.2)(@deepseek-ai/dsh-subprocess@0.1.5-rc.1(@deepseek-ai/cordis@4.0.2)(@deepseek-ai/dsh-http-proxy@0.1.5-rc.1(@deepseek-ai/cordis@4.0.2)))(@deepseek-ai/dsh-timeout@0.1.5-rc.2(@deepseek-ai/cordis@4.0.2))':
    dependencies:
      '@deepseek-ai/cordis': 4.0.2
      '@deepseek-ai/dsh-subprocess': 0.1.5-rc.1(@deepseek-ai/cordis@4.0.2)(@deepseek-ai/dsh-http-proxy@0.1.5-rc.1(@deepseek-ai/cordis@4.0.2))
      '@deepseek-ai/dsh-timeout': 0.1.5-rc.2(@deepseek-ai/cordis@4.0.2)
      '@deepseek-ai/dsh-win32-process': 0.1.5-rc.2(@deepseek-ai/cordis@4.0.2)
      koffi: 3.3.0
      node-pty: 1.2.0-beta.15

  '@deepseek-ai/dsh-subprocess@0.1.5-rc.1(@deepseek-ai/cordis@4.0.2)(@deepseek-ai/dsh-http-proxy@0.1.5-rc.1(@deepseek-ai/cordis@4.0.2))':
    dependencies:
      '@deepseek-ai/cordis': 4.0.2
      '@deepseek-ai/dsh-http-proxy': 0.1.5-rc.1(@deepseek-ai/cordis@4.0.2)

  '@deepseek-ai/dsh-system-prompt@0.1.5-rc.1(@deepseek-ai/cordis@4.0.2)(@deepseek-ai/dsh-llm@0.1.5-rc.1(@deepseek-ai/cordis@4.0.2))(@deepseek-ai/dsh-scope@0.1.5-rc.1(@deepseek-ai/cordis@4.0.2))':
    dependencies:
      '@deepseek-ai/cordis': 4.0.2
      '@deepseek-ai/dsh-llm': 0.1.5-rc.1(@deepseek-ai/cordis@4.0.2)
      '@deepseek-ai/dsh-scope': 0.1.5-rc.1(@deepseek-ai/cordis@4.0.2)
      '@deepseek-ai/schemastery': 3.18.2

  '@deepseek-ai/dsh-timeout@0.1.5-rc.2(@deepseek-ai/cordis@4.0.2)':
    dependencies:
      '@deepseek-ai/cordis': 4.0.2

  '@deepseek-ai/dsh-tools@0.1.5-rc.1(@deepseek-ai/cordis@4.0.2)(@deepseek-ai/dsh-llm@0.1.5-rc.1(@deepseek-ai/cordis@4.0.2))(@deepseek-ai/dsh-scope@0.1.5-rc.1(@deepseek-ai/cordis@4.0.2))(@deepseek-ai/dsh-system-prompt@0.1.5-rc.1(@deepseek-ai/cordis@4.0.2)(@deepseek-ai/dsh-llm@0.1.5-rc.1(@deepseek-ai/cordis@4.0.2))(@deepseek-ai/dsh-scope@0.1.5-rc.1(@deepseek-ai/cordis@4.0.2)))':
    dependencies:
      '@deepseek-ai/cordis': 4.0.2
      '@deepseek-ai/dsh-brand': 0.1.5-rc.2(@deepseek-ai/cordis@4.0.2)
      '@deepseek-ai/dsh-llm': 0.1.5-rc.1(@deepseek-ai/cordis@4.0.2)
      '@deepseek-ai/dsh-scope': 0.1.5-rc.1(@deepseek-ai/cordis@4.0.2)
      '@deepseek-ai/dsh-system-prompt': 0.1.5-rc.1(@deepseek-ai/cordis@4.0.2)(@deepseek-ai/dsh-llm@0.1.5-rc.1(@deepseek-ai/cordis@4.0.2))(@deepseek-ai/dsh-scope@0.1.5-rc.1(@deepseek-ai/cordis@4.0.2))
      '@deepseek-ai/dsh-util-values': 0.1.5-rc.2(@deepseek-ai/cordis@4.0.2)
      '@deepseek-ai/schemastery': 3.18.2

  '@deepseek-ai/dsh-typert-protocol@0.1.5-rc.2(@deepseek-ai/cordis@4.0.2)':
    dependencies:
      '@deepseek-ai/cordis': 4.0.2

  '@deepseek-ai/dsh-util-crypto@0.1.5-rc.2(@deepseek-ai/cordis@4.0.2)':
    dependencies:
      '@deepseek-ai/cordis': 4.0.2

  '@deepseek-ai/dsh-util-values@0.1.5-rc.2(@deepseek-ai/cordis@4.0.2)':
    dependencies:
      '@deepseek-ai/cordis': 4.0.2

  '@deepseek-ai/dsh-win32-process@0.1.5-rc.2(@deepseek-ai/cordis@4.0.2)':
    dependencies:
      '@deepseek-ai/cordis': 4.0.2
      koffi: 3.3.0

  '@deepseek-ai/schemastery@3.18.2':
    dependencies:
      '@deepseek-ai/cosmokit': 1.8.3
      '@standard-schema/spec': 1.1.0

  '@esbuild/aix-ppc64@0.25.9':
    optional: true

  '@esbuild/android-arm64@0.25.9':
    optional: true

  '@esbuild/android-arm@0.25.9':
    optional: true

  '@esbuild/android-x64@0.25.9':
    optional: true

  '@esbuild/darwin-arm64@0.25.9':
    optional: true

  '@esbuild/darwin-x64@0.25.9':
    optional: true

  '@esbuild/freebsd-arm64@0.25.9':
    optional: true

  '@esbuild/freebsd-x64@0.25.9':
    optional: true

  '@esbuild/linux-arm64@0.25.9':
    optional: true

  '@esbuild/linux-arm@0.25.9':
    optional: true

  '@esbuild/linux-ia32@0.25.9':
    optional: true

  '@esbuild/linux-loong64@0.25.9':
    optional: true

  '@esbuild/linux-mips64el@0.25.9':
    optional: true

  '@esbuild/linux-ppc64@0.25.9':
    optional: true

  '@esbuild/linux-riscv64@0.25.9':
    optional: true

  '@esbuild/linux-s390x@0.25.9':
    optional: true

  '@esbuild/linux-x64@0.25.9':
    optional: true

  '@esbuild/netbsd-arm64@0.25.9':
    optional: true

  '@esbuild/netbsd-x64@0.25.9':
    optional: true

  '@esbuild/openbsd-arm64@0.25.9':
    optional: true

  '@esbuild/openbsd-x64@0.25.9':
    optional: true

  '@esbuild/openharmony-arm64@0.25.9':
    optional: true

  '@esbuild/sunos-x64@0.25.9':
    optional: true

  '@esbuild/win32-arm64@0.25.9':
    optional: true

  '@esbuild/win32-ia32@0.25.9':
    optional: true

  '@esbuild/win32-x64@0.25.9':
    optional: true

  '@koromix/koffi-android-arm64@3.3.0':
    optional: true

  '@koromix/koffi-android-x64@3.3.0':
    optional: true

  '@koromix/koffi-darwin-arm64@3.3.0':
    optional: true

  '@koromix/koffi-darwin-x64@3.3.0':
    optional: true

  '@koromix/koffi-freebsd-arm64@3.3.0':
    optional: true

  '@koromix/koffi-freebsd-ia32@3.3.0':
    optional: true

  '@koromix/koffi-freebsd-x64@3.3.0':
    optional: true

  '@koromix/koffi-linux-arm64@3.3.0':
    optional: true

  '@koromix/koffi-linux-arm@3.3.0':
    optional: true

  '@koromix/koffi-linux-ia32@3.3.0':
    optional: true

  '@koromix/koffi-linux-loong64@3.3.0':
    optional: true

  '@koromix/koffi-linux-riscv64@3.3.0':
    optional: true

  '@koromix/koffi-linux-x64@3.3.0':
    optional: true

  '@koromix/koffi-openbsd-ia32@3.3.0':
    optional: true

  '@koromix/koffi-openbsd-x64@3.3.0':
    optional: true

  '@koromix/koffi-win32-arm64@3.3.0':
    optional: true

  '@koromix/koffi-win32-ia32@3.3.0':
    optional: true

  '@koromix/koffi-win32-x64@3.3.0':
    optional: true

  '@standard-schema/spec@1.1.0': {}

  '@types/node@22.18.0':
    dependencies:
      undici-types: 6.21.0

  '@types/prop-types@15.7.15': {}

  '@types/react@18.3.1':
    dependencies:
      '@types/prop-types': 15.7.15
      csstype: 3.2.3

  '@types/ws@8.18.1':
    dependencies:
      '@types/node': 22.18.0

  csstype@3.2.3: {}

  esbuild@0.25.9:
    optionalDependencies:
      '@esbuild/aix-ppc64': 0.25.9
      '@esbuild/android-arm': 0.25.9
      '@esbuild/android-arm64': 0.25.9
      '@esbuild/android-x64': 0.25.9
      '@esbuild/darwin-arm64': 0.25.9
      '@esbuild/darwin-x64': 0.25.9
      '@esbuild/freebsd-arm64': 0.25.9
      '@esbuild/freebsd-x64': 0.25.9
      '@esbuild/linux-arm': 0.25.9
      '@esbuild/linux-arm64': 0.25.9
      '@esbuild/linux-ia32': 0.25.9
      '@esbuild/linux-loong64': 0.25.9
      '@esbuild/linux-mips64el': 0.25.9
      '@esbuild/linux-ppc64': 0.25.9
      '@esbuild/linux-riscv64': 0.25.9
      '@esbuild/linux-s390x': 0.25.9
      '@esbuild/linux-x64': 0.25.9
      '@esbuild/netbsd-arm64': 0.25.9
      '@esbuild/netbsd-x64': 0.25.9
      '@esbuild/openbsd-arm64': 0.25.9
      '@esbuild/openbsd-x64': 0.25.9
      '@esbuild/openharmony-arm64': 0.25.9
      '@esbuild/sunos-x64': 0.25.9
      '@esbuild/win32-arm64': 0.25.9
      '@esbuild/win32-ia32': 0.25.9
      '@esbuild/win32-x64': 0.25.9

  fsevents@2.3.3:
    optional: true

  get-tsconfig@4.14.3:
    dependencies:
      resolve-pkg-maps: 1.0.0

  js-tokens@4.0.0: {}

  koffi@3.3.0:
    optionalDependencies:
      '@koromix/koffi-android-arm64': 3.3.0
      '@koromix/koffi-android-x64': 3.3.0
      '@koromix/koffi-darwin-arm64': 3.3.0
      '@koromix/koffi-darwin-x64': 3.3.0
      '@koromix/koffi-freebsd-arm64': 3.3.0
      '@koromix/koffi-freebsd-ia32': 3.3.0
      '@koromix/koffi-freebsd-x64': 3.3.0
      '@koromix/koffi-linux-arm': 3.3.0
      '@koromix/koffi-linux-arm64': 3.3.0
      '@koromix/koffi-linux-ia32': 3.3.0
      '@koromix/koffi-linux-loong64': 3.3.0
      '@koromix/koffi-linux-riscv64': 3.3.0
      '@koromix/koffi-linux-x64': 3.3.0
      '@koromix/koffi-openbsd-ia32': 3.3.0
      '@koromix/koffi-openbsd-x64': 3.3.0
      '@koromix/koffi-win32-arm64': 3.3.0
      '@koromix/koffi-win32-ia32': 3.3.0
      '@koromix/koffi-win32-x64': 3.3.0

  loose-envify@1.4.0:
    dependencies:
      js-tokens: 4.0.0

  node-addon-api@7.1.1: {}

  node-pty@1.2.0-beta.15:
    dependencies:
      node-addon-api: 7.1.1

  react@18.3.1:
    dependencies:
      loose-envify: 1.4.0

  resolve-pkg-maps@1.0.0: {}

  tsx@4.20.5:
    dependencies:
      esbuild: 0.25.9
      get-tsconfig: 4.14.3
    optionalDependencies:
      fsevents: 2.3.3

  typescript@5.9.2: {}

  undici-types@6.21.0: {}

  undici@8.10.2: {}

  ws@8.18.3: {}

  zod@4.1.5: {}

  zod@4.6.5: {}
